
Microsoft Visual Studio Solution File, Format Version 12.00
# Visual Studio Version 17
VisualStudioVersion = 17.5.002.0
MinimumVisualStudioVersion = 10.0.40219.1
Project("{9A19103F-16F7-4668-BE54-9A1E7A4F7556}") = "LHPet", "LHPet.csproj", "{9E18E59C-DF0D-49CC-9BA7-9CE7A2910273}"
EndProject
Global
	GlobalSection(SolutionConfigurationPlatforms) = preSolution
		Debug|Any CPU = Debug|Any CPU
		Release|Any CPU = Release|Any CPU
	EndGlobalSection
	GlobalSection(ProjectConfigurationPlatforms) = postSolution
		{9E18E59C-DF0D-49CC-9BA7-9CE7A2910273}.Debug|Any CPU.ActiveCfg = Debug|Any CPU
		{9E18E59C-DF0D-49CC-9BA7-9CE7A2910273}.Debug|Any CPU.Build.0 = Debug|Any CPU
		{9E18E59C-DF0D-49CC-9BA7-9CE7A2910273}.Release|Any CPU.ActiveCfg = Release|Any CPU
		{9E18E59C-DF0D-49CC-9BA7-9CE7A2910273}.Release|Any CPU.Build.0 = Release|Any CPU
	EndGlobalSection
	GlobalSection(SolutionProperties) = preSolution
		HideSolutionNode = FALSE
	EndGlobalSection
	GlobalSection(ExtensibilityGlobals) = postSolution
		SolutionGuid = {9E27E10B-86C0-4E48-8C54-491B75CE0514}
	EndGlobalSection
EndGlobal
